// !$*UTF8*$!
{
	archiveVersion = 1;
	classes = {
	};
	objectVersion = 56;
	objects = {

/* Begin PBXBuildFile section */
		D8BD5A4A2935257700B86AA6 /* ScorePadApp.swift in Sources */ = {isa = PBXBuildFile; fileRef = D8BD5A492935257700B86AA6 /* ScorePadApp.swift */; };
		D8BD5A4C2935257700B86AA6 /* ContentView.swift in Sources */ = {isa = PBXBuildFile; fileRef = D8BD5A4B2935257700B86AA6 /* ContentView.swift */; };
		D8BD5A4E2935257900B86AA6 /* Assets.xcassets in Resources */ = {isa = PBXBuildFile; fileRef = D8BD5A4D2935257900B86AA6 /* Assets.xcassets */; };
		D8BD5A522935257900B86AA6 /* Preview Assets.xcassets in Resources */ = {isa = PBXBuildFile; fileRef = D8BD5A512935257900B86AA6 /* Preview Assets.xcassets */; };
		D8BD5A5C2935257900B86AA6 /* ScorePadTests.swift in Sources */ = {isa = PBXBuildFile; fileRef = D8BD5A5B2935257900B86AA6 /* ScorePadTests.swift */; };
		D8BD5A662935257900B86AA6 /* ScorePadUITests.swift in Sources */ = {isa = PBXBuildFile; fileRef = D8BD5A652935257900B86AA6 /* ScorePadUITests.swift */; };
		D8BD5A682935257900B86AA6 /* ScorePadUITestsLaunchTests.swift in Sources */ = {isa = PBXBuildFile; fileRef = D8BD5A672935257900B86AA6 /* ScorePadUITestsLaunchTests.swift */; };
/* End PBXBuildFile section */

/* Begin PBXContainerItemProxy section */
		D8BD5A582935257900B86AA6 /* PBXContainerItemProxy */ = {
			isa = PBXContainerItemProxy;
			containerPortal = D8BD5A3E2935257700B86AA6 /* Project object */;
			proxyType = 1;
			remoteGlobalIDString = D8BD5A452935257700B86AA6;
			remoteInfo = ScorePad;
		};
		D8BD5A622935257900B86AA6 /* PBXContainerItemProxy */ = {
			isa = PBXContainerItemProxy;
			containerPortal = D8BD5A3E2935257700B86AA6 /* Project object */;
			proxyType = 1;
			remoteGlobalIDString = D8BD5A452935257700B86AA6;
			remoteInfo = ScorePad;
		};
/* End PBXContainerItemProxy section */

/* Begin PBXFileReference section */
		D8BD5A462935257700B86AA6 /* ScorePad.app */ = {isa = PBXFileReference; explicitFileType = wrapper.application; includeInIndex = 0; path = ScorePad.app; sourceTree = BUILT_PRODUCTS_DIR; };
		D8BD5A492935257700B86AA6 /* ScorePadApp.swift */ = {isa = PBXFileReference; lastKnownFileType = sourcecode.swift; path = ScorePadApp.swift; sourceTree = "<group>"; };
		D8BD5A4B2935257700B86AA6 /* ContentView.swift */ = {isa = PBXFileReference; lastKnownFileType = sourcecode.swift; path = ContentView.swift; sourceTree = "<group>"; };
		D8BD5A4D2935257900B86AA6 /* Assets.xcassets */ = {isa = PBXFileReference; lastKnownFileType = folder.assetcatalog; path = Assets.xcassets; sourceTree = "<group>"; };
		D8BD5A4F2935257900B86AA6 /* ScorePad.entitlements */ = {isa = PBXFileReference; lastKnownFileType = text.plist.entitlements; path = ScorePad.entitlements; sourceTree = "<group>"; };
		D8BD5A512935257900B86AA6 /* Preview Assets.xcassets */ = {isa = PBXFileReference; lastKnownFileType = folder.assetcatalog; path = "Preview Assets.xcassets"; sourceTree = "<group>"; };
		D8BD5A572935257900B86AA6 /* ScorePadTests.xctest */ = {isa = PBXFileReference; explicitFileType = wrapper.cfbundle; includeInIndex = 0; path = ScorePadTests.xctest; sourceTree = BUILT_PRODUCTS_DIR; };
		D8BD5A5B2935257900B86AA6 /* ScorePadTests.swift */ = {isa = PBXFileReference; lastKnownFileType = sourcecode.swift; path = ScorePadTests.swift; sourceTree = "<group>"; };
		D8BD5A612935257900B86AA6 /* ScorePadUITests.xctest */ = {isa = PBXFileReference; explicitFileType = wrapper.cfbundle; includeInIndex = 0; path = ScorePadUITests.xctest; sourceTree = BUILT_PRODUCTS_DIR; };
		D8BD5A652935257900B86AA6 /* ScorePadUITests.swift */ = {isa = PBXFileReference; lastKnownFileType = sourcecode.swift; path = ScorePadUITests.swift; sourceTree = "<group>"; };
		D8BD5A672935257900B86AA6 /* ScorePadUITestsLaunchTests.swift */ = {isa = PBXFileReference; lastKnownFileType = sourcecode.swift; path = ScorePadUITestsLaunchTests.swift; sourceTree = "<group>"; };
/* End PBXFileReference section */

/* Begin PBXFrameworksBuildPhase section */
		D8BD5A432935257700B86AA6 /* Frameworks */ = {
			isa = PBXFrameworksBuildPhase;
			buildActionMask = 2147483647;
			files = (
			);
			runOnlyForDeploymentPostprocessing = 0;
		};
		D8BD5A542935257900B86AA6 /* Frameworks */ = {
			isa = PBXFrameworksBuildPhase;
			buildActionMask = 2147483647;
			files = (
			);
			runOnlyForDeploymentPostprocessing = 0;
		};
		D8BD5A5E2935257900B86AA6 /* Frameworks */ = {
			isa = PBXFrameworksBuildPhase;
			buildActionMask = 2147483647;
			files = (
			);
			runOnlyForDeploymentPostprocessing = 0;
		};
/* End PBXFrameworksBuildPhase section */

/* Begin PBXGroup section */
		D8BD5A3D2935257700B86AA6 = {
			isa = PBXGroup;
			children = (
				D8BD5A482935257700B86AA6 /* ScorePad */,
				D8BD5A5A2935257900B86AA6 /* ScorePadTests */,
				D8BD5A642935257900B86AA6 /* ScorePadUITests */,
				D8BD5A472935257700B86AA6 /* Products */,
			);
			sourceTree = "<group>";
		};
		D8BD5A472935257700B86AA6 /* Products */ = {
			isa = PBXGroup;
			children = (
				D8BD5A462935257700B86AA6 /* ScorePad.app */,
				D8BD5A572935257900B86AA6 /* ScorePadTests.xctest */,
				D8BD5A612935257900B86AA6 /* ScorePadUITests.xctest */,
			);
			name = Products;
			sourceTree = "<group>";
		};
		D8BD5A482935257700B86AA6 /* ScorePad */ = {
			isa = PBXGroup;
			children = (
				D8BD5A492935257700B86AA6 /* ScorePadApp.swift */,
				D8BD5A4B2935257700B86AA6 /* ContentView.swift */,
				D8BD5A4D2935257900B86AA6 /* Assets.xcassets */,
				D8BD5A4F2935257900B86AA6 /* ScorePad.entitlements */,
				D8BD5A502935257900B86AA6 /* Preview Content */,
			);
			path = ScorePad;
			sourceTree = "<group>";
		};
		D8BD5A502935257900B86AA6 /* Preview Content */ = {
			isa = PBXGroup;
			children = (
				D8BD5A512935257900B86AA6 /* Preview Assets.xcassets */,
			);
			path = "Preview Content";
			sourceTree = "<group>";
		};
		D8BD5A5A2935257900B86AA6 /* ScorePadTests */ = {
			isa = PBXGroup;
			children = (
				D8BD5A5B2935257900B86AA6 /* ScorePadTests.swift */,
			);
			path = ScorePadTests;
			sourceTree = "<group>";
		};
		D8BD5A642935257900B86AA6 /* ScorePadUITests */ = {
			isa = PBXGroup;
			children = (
				D8BD5A652935257900B86AA6 /* ScorePadUITests.swift */,
				D8BD5A672935257900B86AA6 /* ScorePadUITestsLaunchTests.swift */,
			);
			path = ScorePadUITests;
			sourceTree = "<group>";
		};
/* End PBXGroup section */

/* Begin PBXNativeTarget section */
		D8BD5A452935257700B86AA6 /* ScorePad */ = {
			isa = PBXNativeTarget;
			buildConfigurationList = D8BD5A6B2935257900B86AA6 /* Build configuration list for PBXNativeTarget "ScorePad" */;
			buildPhases = (
				D8BD5A422935257700B86AA6 /* Sources */,
				D8BD5A432935257700B86AA6 /* Frameworks */,
				D8BD5A442935257700B86AA6 /* Resources */,
			);
			buildRules = (
			);
			dependencies = (
			);
			name = ScorePad;
			productName = ScorePad;
			productReference = D8BD5A462935257700B86AA6 /* ScorePad.app */;
			productType = "com.apple.product-type.application";
		};
		D8BD5A562935257900B86AA6 /* ScorePadTests */ = {
			isa = PBXNativeTarget;
			buildConfigurationList = D8BD5A6E2935257900B86AA6 /* Build configuration list for PBXNativeTarget "ScorePadTests" */;
			buildPhases = (
				D8BD5A532935257900B86AA6 /* Sources */,
				D8BD5A542935257900B86AA6 /* Frameworks */,
				D8BD5A552935257900B86AA6 /* Resources */,
			);
			buildRules = (
			);
			dependencies = (
				D8BD5A592935257900B86AA6 /* PBXTargetDependency */,
			);
			name = ScorePadTests;
			productName = ScorePadTests;
			productReference = D8BD5A572935257900B86AA6 /* ScorePadTests.xctest */;
			productType = "com.apple.product-type.bundle.unit-test";
		};
		D8BD5A602935257900B86AA6 /* ScorePadUITests */ = {
			isa = PBXNativeTarget;
			buildConfigurationList = D8BD5A712935257900B86AA6 /* Build configuration list for PBXNativeTarget "ScorePadUITests" */;
			buildPhases = (
				D8BD5A5D2935257900B86AA6 /* Sources */,
				D8BD5A5E2935257900B86AA6 /* Frameworks */,
				D8BD5A5F2935257900B86AA6 /* Resources */,
			);
			buildRules = (
			);
			dependencies = (
				D8BD5A632935257900B86AA6 /* PBXTargetDependency */,
			);
			name = ScorePadUITests;
			productName = ScorePadUITests;
			productReference = D8BD5A612935257900B86AA6 /* ScorePadUITests.xctest */;
			productType = "com.apple.product-type.bundle.ui-testing";
		};
/* End PBXNativeTarget section */

/* Begin PBXProject section */
		D8BD5A3E2935257700B86AA6 /* Project object */ = {
			isa = PBXProject;
			attributes = {
				BuildIndependentTargetsInParallel = 1;
				LastSwiftUpdateCheck = 1430;
				LastUpgradeCheck = 1430;
				TargetAttributes = {
					D8BD5A452935257700B86AA6 = {
						CreatedOnToolsVersion = 14.3;
					};
					D8BD5A562935257900B86AA6 = {
						CreatedOnToolsVersion = 14.3;
						TestTargetID = D8BD5A452935257700B86AA6;
					};
					D8BD5A602935257900B86AA6 = {
						CreatedOnToolsVersion = 14.3;
						TestTargetID = D8BD5A452935257700B86AA6;
					};
				};
			};
			buildConfigurationList = D8BD5A412935257700B86AA6 /* Build configuration list for PBXProject "ScorePad" */;
			compatibilityVersion = "Xcode 14.0";
			developmentRegion = en;
			hasScannedForEncodings = 0;
			knownRegions = (
				en,
				Base,
			);
			mainGroup = D8BD5A3D2935257700B86AA6;
			productRefGroup = D8BD5A472935257700B86AA6 /* Products */;
			projectDirPath = "";
			projectRoot = "";
			targets = (
				D8BD5A452935257700B86AA6 /* ScorePad */,
				D8BD5A562935257900B86AA6 /* ScorePadTests */,
				D8BD5A602935257900B86AA6 /* ScorePadUITests */,
			);
		};
/* End PBXProject section */

/* Begin PBXResourcesBuildPhase section */
		D8BD5A442935257700B86AA6 /* Resources */ = {
			isa = PBXResourcesBuildPhase;
			buildActionMask = 2147483647;
			files = (
				D8BD5A522935257900B86AA6 /* Preview Assets.xcassets in Resources */,
				D8BD5A4E2935257900B86AA6 /* Assets.xcassets in Resources */,
			);
			runOnlyForDeploymentPostprocessing = 0;
		};
		D8BD5A552935257900B86AA6 /* Resources */ = {
			isa = PBXResourcesBuildPhase;
			buildActionMask = 2147483647;
			files = (
			);
			runOnlyForDeploymentPostprocessing = 0;
		};
		D8BD5A5F2935257900B86AA6 /* Resources */ = {
			isa = PBXResourcesBuildPhase;
			buildActionMask = 2147483647;
			files = (
			);
			runOnlyForDeploymentPostprocessing = 0;
		};
/* End PBXResourcesBuildPhase section */

/* Begin PBXSourcesBuildPhase section */
		D8BD5A422935257700B86AA6 /* Sources */ = {
			isa = PBXSourcesBuildPhase;
			buildActionMask = 2147483647;
			files = (
				D8BD5A4C2935257700B86AA6 /* ContentView.swift in Sources */,
				D8BD5A4A2935257700B86AA6 /* ScorePadApp.swift in Sources */,
			);
			runOnlyForDeploymentPostprocessing = 0;
		};
		D8BD5A532935257900B86AA6 /* Sources */ = {
			isa = PBXSourcesBuildPhase;
			buildActionMask = 2147483647;
			files = (
				D8BD5A5C2935257900B86AA6 /* ScorePadTests.swift in Sources */,
			);
			runOnlyForDeploymentPostprocessing = 0;
		};
		D8BD5A5D2935257900B86AA6 /* Sources */ = {
			isa = PBXSourcesBuildPhase;
			buildActionMask = 2147483647;
			files = (
				D8BD5A682935257900B86AA6 /* ScorePadUITestsLaunchTests.swift in Sources */,
				D8BD5A662935257900B86AA6 /* ScorePadUITests.swift in Sources */,
			);
			runOnlyForDeploymentPostprocessing = 0;
		};
/* End PBXSourcesBuildPhase section */

/* Begin PBXTargetDependency section */
		D8BD5A592935257900B86AA6 /* PBXTargetDependency */ = {
			isa = PBXTargetDependency;
			target = D8BD5A452935257700B86AA6 /* ScorePad */;
			targetProxy = D8BD5A582935257900B86AA6 /* PBXContainerItemProxy */;
		};
		D8BD5A632935257900B86AA6 /* PBXTargetDependency */ = {
			isa = PBXTargetDependency;
			target = D8BD5A452935257700B86AA6 /* ScorePad */;
			targetProxy = D8BD5A622935257900B86AA6 /* PBXContainerItemProxy */;
		};
/* End PBXTargetDependency section */

/* Begin XCBuildConfiguration section */
		D8BD5A692935257900B86AA6 /* Debug */ = {
			isa = XCBuildConfiguration;
			buildSettings = {
				ALWAYS_SEARCH_USER_PATHS = NO;
				CLANG_ANALYZER_NONNULL = YES;
				CLANG_ANALYZER_NUMBER_OBJECT_CONVERSION = YES_AGGRESSIVE;
				CLANG_CXX_LANGUAGE_STANDARD = "gnu++20";
				CLANG_ENABLE_MODULES = YES;
				CLANG_ENABLE_OBJC_ARC = YES;
				CLANG_ENABLE_OBJC_WEAK = YES;
				CLANG_WARN_BLOCK_CAPTURE_AUTORELEASING = YES;
				CLANG_WARN_BOOL_CONVERSION = YES;
				CLANG_WARN_COMMA = YES;
				CLANG_WARN_CONSTANT_CONVERSION = YES;
				CLANG_WARN_DEPRECATED_OBJC_IMPLEMENTATIONS = YES;
				CLANG_WARN_DIRECT_OBJC_ISA_USAGE = YES_ERROR;
				CLANG_WARN_DOCUMENTATION_COMMENTS = YES;
				CLANG_WARN_EMPTY_BODY = YES;
				CLANG_WARN_ENUM_CONVERSION = YES;
				CLANG_WARN_INFINITE_RECURSION = YES;
				CLANG_WARN_INT_CONVERSION = YES;
				CLANG_WARN_NON_LITERAL_NULL_CONVERSION = YES;
				CLANG_WARN_OBJC_IMPLICIT_RETAIN_SELF = YES;
				CLANG_WARN_OBJC_LITERAL_CONVERSION = YES;
				CLANG_WARN_OBJC_ROOT_CLASS = YES_ERROR;
				CLANG_WARN_QUOTED_INCLUDE_IN_FRAMEWORK_HEADER = YES;
				CLANG_WARN_RANGE_LOOP_ANALYSIS = YES;
				CLANG_WARN_STRICT_PROTOTYPES = YES;
				CLANG_WARN_SUSPICIOUS_MOVE = YES;
				CLANG_WARN_UNGUARDED_AVAILABILITY = YES_AGGRESSIVE;
				CLANG_WARN_UNREACHABLE_CODE = YES;
				CLANG_WARN__DUPLICATE_METHOD_MATCH = YES;
				COPY_PHASE_STRIP = NO;
				DEBUG_INFORMATION_FORMAT = dwarf;
				ENABLE_STRICT_OBJC_MSGSEND = YES;
				ENABLE_TESTABILITY = YES;
				GCC_C_LANGUAGE_STANDARD = gnu11;
				GCC_DYNAMIC_NO_PIC = NO;
				GCC_NO_COMMON_BLOCKS = YES;
				GCC_OPTIMIZATION_LEVEL = 0;
				GCC_PREPROCESSOR_DEFINITIONS = (
					"DEBUG=1",
					"$(inherited)",
				);
				GCC_WARN_64_TO_32_BIT_CONVERSION = YES;
				GCC_WARN_ABOUT_RETURN_TYPE = YES_ERROR;
				GCC_WARN_UNDECLARED_SELECTOR = YES;
				GCC_WARN_UNINITIALIZED_AUTOS = YES_AGGRESSIVE;
				GCC_WARN_UNUSED_FUNCTION = YES;
				GCC_WARN_UNUSED_VARIABLE = YES;
				MTL_ENABLE_DEBUG_INFO = INCLUDE_SOURCE;
				MTL_FAST_MATH = YES;
				ONLY_ACTIVE_ARCH = YES;
				SWIFT_ACTIVE_COMPILATION_CONDITIONS = DEBUG;
				SWIFT_OPTIMIZATION_LEVEL = "-Onone";
			};
			name = Debug;
		};
		D8BD5A6A2935257900B86AA6 /* Release */ = {
			isa = XCBuildConfiguration;
			buildSettings = {
				ALWAYS_SEARCH_USER_PATHS = NO;
				CLANG_ANALYZER_NONNULL = YES;
				CLANG_ANALYZER_NUMBER_OBJECT_CONVERSION = YES_AGGRESSIVE;
				CLANG_CXX_LANGUAGE_STANDARD = "gnu++20";
				CLANG_ENABLE_MODULES = YES;
				CLANG_ENABLE_OBJC_ARC = YES;
				CLANG_ENABLE_OBJC_WEAK = YES;
				CLANG_WARN_BLOCK_CAPTURE_AUTORELEASING = YES;
				CLANG_WARN_BOOL_CONVERSION = YES;
				CLANG_WARN_COMMA = YES;
				CLANG_WARN_CONSTANT_CONVERSION = YES;
				CLANG_WARN_DEPRECATED_OBJC_IMPLEMENTATIONS = YES;
				CLANG_WARN_DIRECT_OBJC_ISA_USAGE = YES_ERROR;
				CLANG_WARN_DOCUMENTATION_COMMENTS = YES;
				CLANG_WARN_EMPTY_BODY = YES;
				CLANG_WARN_ENUM_CONVERSION = YES;
				CLANG_WARN_INFINITE_RECURSION = YES;
				CLANG_WARN_INT_CONVERSION = YES;
				CLANG_WARN_NON_LITERAL_NULL_CONVERSION = YES;
				CLANG_WARN_OBJC_IMPLICIT_RETAIN_SELF = YES;
				CLANG_WARN_OBJC_LITERAL_CONVERSION = YES;
				CLANG_WARN_OBJC_ROOT_CLASS = YES_ERROR;
				CLANG_WARN_QUOTED_INCLUDE_IN_FRAMEWORK_HEADER = YES;
				CLANG_WARN_RANGE_LOOP_ANALYSIS = YES;
				CLANG_WARN_STRICT_PROTOTYPES = YES;
				CLANG_WARN_SUSPICIOUS_MOVE = YES;
				CLANG_WARN_UNGUARDED_AVAILABILITY = YES_AGGRESSIVE;
				CLANG_WARN_UNREACHABLE_CODE = YES;
				CLANG_WARN__DUPLICATE_METHOD_MATCH = YES;
				COPY_PHASE_STRIP = NO;
				DEBUG_INFORMATION_FORMAT = "dwarf-with-dsym";
				ENABLE_NS_ASSERTIONS = NO;
				ENABLE_STRICT_OBJC_MSGSEND = YES;
				GCC_C_LANGUAGE_STANDARD = gnu11;
				GCC_NO_COMMON_BLOCKS = YES;
				GCC_WARN_64_TO_32_BIT_CONVERSION = YES;
				GCC_WARN_ABOUT_RETURN_TYPE = YES_ERROR;
				GCC_WARN_UNDECLARED_SELECTOR = YES;
				GCC_WARN_UNINITIALIZED_AUTOS = YES_AGGRESSIVE;
				GCC_WARN_UNUSED_FUNCTION = YES;
				GCC_WARN_UNUSED_VARIABLE = YES;
				MTL_ENABLE_DEBUG_INFO = NO;
				MTL_FAST_MATH = YES;
				SWIFT_COMPILATION_MODE = wholemodule;
				SWIFT_OPTIMIZATION_LEVEL = "-O";
			};
			name = Release;
		};
		D8BD5A6C2935257900B86AA6 /* Debug */ = {
			isa = XCBuildConfiguration;
			buildSettings = {
				ASSETCATALOG_COMPILER_APPICON_NAME = AppIcon;
				ASSETCATALOG_COMPILER_GLOBAL_ACCENT_COLOR_NAME = AccentColor;
				CODE_SIGN_ENTITLEMENTS = ScorePad/ScorePad.entitlements;
				CODE_SIGN_STYLE = Automatic;
				CURRENT_PROJECT_VERSION = 1;
				DEVELOPMENT_ASSET_PATHS = "\"ScorePad/Preview Content\"";
				DEVELOPMENT_TEAM = DLUJT5TTQE;
				ENABLE_HARDENED_RUNTIME = YES;
				ENABLE_PREVIEWS = YES;
				GENERATE_INFOPLIST_FILE = YES;
				"INFOPLIST_KEY_UIApplicationSceneManifest_Generation[sdk=iphoneos*]" = YES;
				"INFOPLIST_KEY_UIApplicationSceneManifest_Generation[sdk=iphonesimulator*]" = YES;
				"INFOPLIST_KEY_UIApplicationSupportsIndirectInputEvents[sdk=iphoneos*]" = YES;
				"INFOPLIST_KEY_UIApplicationSupportsIndirectInputEvents[sdk=iphonesimulator*]" = YES;
				"INFOPLIST_KEY_UILaunchScreen_Generation[sdk=iphoneos*]" = YES;
				"INFOPLIST_KEY_UILaunchScreen_Generation[sdk=iphonesimulator*]" = YES;
				"INFOPLIST_KEY_UIStatusBarStyle[sdk=iphoneos*]" = UIStatusBarStyleDefault;
				"INFOPLIST_KEY_UIStatusBarStyle[sdk=iphonesimulator*]" = UIStatusBarStyleDefault;
				INFOPLIST_KEY_UISupportedInterfaceOrientations_iPad = "UIInterfaceOrientationPortrait UIInterfaceOrientationPortraitUpsideDown UIInterfaceOrientationLandscapeLeft UIInterfaceOrientationLandscapeRight";
				INFOPLIST_KEY_UISupportedInterfaceOrientations_iPhone = "UIInterfaceOrientationPortrait UIInterfaceOrientationLandscapeLeft UIInterfaceOrientationLandscapeRight";
				IPHONEOS_DEPLOYMENT_TARGET = 17.0;
				LD_RUNPATH_SEARCH_PATHS = "@executable_path/Frameworks";
				"LD_RUNPATH_SEARCH_PATHS[sdk=macosx*]" = "@executable_path/../Frameworks";
				MACOSX_DEPLOYMENT_TARGET = 13.0;
				MARKETING_VERSION = 1.0;
				PRODUCT_BUNDLE_IDENTIFIER = com.apple.ScorePad;
				PRODUCT_NAME = "$(TARGET_NAME)";
				SDKROOT = auto;
				SUPPORTED_PLATFORMS = "iphoneos iphonesimulator macosx";
				SWIFT_EMIT_LOC_STRINGS = YES;
				SWIFT_VERSION = 5.0;
				TARGETED_DEVICE_FAMILY = "1,2";
			};
			name = Debug;
		};
		D8BD5A6D2935257900B86AA6 /* Release */ = {
			isa = XCBuildConfiguration;
			buildSettings = {
				ASSETCATALOG_COMPILER_APPICON_NAME = AppIcon;
				ASSETCATALOG_COMPILER_GLOBAL_ACCENT_COLOR_NAME = AccentColor;
				CODE_SIGN_ENTITLEMENTS = ScorePad/ScorePad.entitlements;
				CODE_SIGN_STYLE = Automatic;
				CURRENT_PROJECT_VERSION = 1;
				DEVELOPMENT_ASSET_PATHS = "\"ScorePad/Preview Content\"";
				DEVELOPMENT_TEAM = DLUJT5TTQE;
				ENABLE_HARDENED_RUNTIME = YES;
				ENABLE_PREVIEWS = YES;
				GENERATE_INFOPLIST_FILE = YES;
				"INFOPLIST_KEY_UIApplicationSceneManifest_Generation[sdk=iphoneos*]" = YES;
				"INFOPLIST_KEY_UIApplicationSceneManifest_Generation[sdk=iphonesimulator*]" = YES;
				"INFOPLIST_KEY_UIApplicationSupportsIndirectInputEvents[sdk=iphoneos*]" = YES;
				"INFOPLIST_KEY_UIApplicationSupportsIndirectInputEvents[sdk=iphonesimulator*]" = YES;
				"INFOPLIST_KEY_UILaunchScreen_Generation[sdk=iphoneos*]" = YES;
				"INFOPLIST_KEY_UILaunchScreen_Generation[sdk=iphonesimulator*]" = YES;
				"INFOPLIST_KEY_UIStatusBarStyle[sdk=iphoneos*]" = UIStatusBarStyleDefault;
				"INFOPLIST_KEY_UIStatusBarStyle[sdk=iphonesimulator*]" = UIStatusBarStyleDefault;
				INFOPLIST_KEY_UISupportedInterfaceOrientations_iPad = "UIInterfaceOrientationPortrait UIInterfaceOrientationPortraitUpsideDown UIInterfaceOrientationLandscapeLeft UIInterfaceOrientationLandscapeRight";
				INFOPLIST_KEY_UISupportedInterfaceOrientations_iPhone = "UIInterfaceOrientationPortrait UIInterfaceOrientationLandscapeLeft UIInterfaceOrientationLandscapeRight";
				IPHONEOS_DEPLOYMENT_TARGET = 17.0;
				LD_RUNPATH_SEARCH_PATHS = "@executable_path/Frameworks";
				"LD_RUNPATH_SEARCH_PATHS[sdk=macosx*]" = "@executable_path/../Frameworks";
				MACOSX_DEPLOYMENT_TARGET = 13.0;
				MARKETING_VERSION = 1.0;
				PRODUCT_BUNDLE_IDENTIFIER = com.apple.ScorePad;
				PRODUCT_NAME = "$(TARGET_NAME)";
				SDKROOT = auto;
				SUPPORTED_PLATFORMS = "iphoneos iphonesimulator macosx";
				SWIFT_EMIT_LOC_STRINGS = YES;
				SWIFT_VERSION = 5.0;
				TARGETED_DEVICE_FAMILY = "1,2";
			};
			name = Release;
		};
		D8BD5A6F2935257900B86AA6 /* Debug */ = {
			isa = XCBuildConfiguration;
			buildSettings = {
				ALWAYS_EMBED_SWIFT_STANDARD_LIBRARIES = YES;
				BUNDLE_LOADER = "$(TEST_HOST)";
				CODE_SIGN_STYLE = Automatic;
				CURRENT_PROJECT_VERSION = 1;
				DEVELOPMENT_TEAM = DLUJT5TTQE;
				GENERATE_INFOPLIST_FILE = YES;
				IPHONEOS_DEPLOYMENT_TARGET = 17.0;
				MACOSX_DEPLOYMENT_TARGET = 13.0;
				MARKETING_VERSION = 1.0;
				PRODUCT_BUNDLE_IDENTIFIER = com.apple.ScorePadTests;
				PRODUCT_NAME = "$(TARGET_NAME)";
				SDKROOT = auto;
				SUPPORTED_PLATFORMS = "iphoneos iphonesimulator macosx";
				SWIFT_EMIT_LOC_STRINGS = NO;
				SWIFT_VERSION = 5.0;
				TARGETED_DEVICE_FAMILY = "1,2";
				TEST_HOST = "$(BUILT_PRODUCTS_DIR)/ScorePad.app/$(BUNDLE_EXECUTABLE_FOLDER_PATH)/ScorePad";
			};
			name = Debug;
		};
		D8BD5A702935257900B86AA6 /* Release */ = {
			isa = XCBuildConfiguration;
			buildSettings = {
				ALWAYS_EMBED_SWIFT_STANDARD_LIBRARIES = YES;
				BUNDLE_LOADER = "$(TEST_HOST)";
				CODE_SIGN_STYLE = Automatic;
				CURRENT_PROJECT_VERSION = 1;
				DEVELOPMENT_TEAM = DLUJT5TTQE;
				GENERATE_INFOPLIST_FILE = YES;
				IPHONEOS_DEPLOYMENT_TARGET = 17.0;
				MACOSX_DEPLOYMENT_TARGET = 13.0;
				MARKETING_VERSION = 1.0;
				PRODUCT_BUNDLE_IDENTIFIER = com.apple.ScorePadTests;
				PRODUCT_NAME = "$(TARGET_NAME)";
				SDKROOT = auto;
				SUPPORTED_PLATFORMS = "iphoneos iphonesimulator macosx";
				SWIFT_EMIT_LOC_STRINGS = NO;
				SWIFT_VERSION = 5.0;
				TARGETED_DEVICE_FAMILY = "1,2";
				TEST_HOST = "$(BUILT_PRODUCTS_DIR)/ScorePad.app/$(BUNDLE_EXECUTABLE_FOLDER_PATH)/ScorePad";
			};
			name = Release;
		};
		D8BD5A722935257900B86AA6 /* Debug */ = {
			isa = XCBuildConfiguration;
			buildSettings = {
				ALWAYS_EMBED_SWIFT_STANDARD_LIBRARIES = YES;
				CODE_SIGN_STYLE = Automatic;
				CURRENT_PROJECT_VERSION = 1;
				DEVELOPMENT_TEAM = DLUJT5TTQE;
				GENERATE_INFOPLIST_FILE = YES;
				IPHONEOS_DEPLOYMENT_TARGET = 17.0;
				MACOSX_DEPLOYMENT_TARGET = 13.0;
				MARKETING_VERSION = 1.0;
				PRODUCT_BUNDLE_IDENTIFIER = com.apple.ScorePadUITests;
				PRODUCT_NAME = "$(TARGET_NAME)";
				SDKROOT = auto;
				SUPPORTED_PLATFORMS = "iphoneos iphonesimulator macosx";
				SWIFT_EMIT_LOC_STRINGS = NO;
				SWIFT_VERSION = 5.0;
				TARGETED_DEVICE_FAMILY = "1,2";
				TEST_TARGET_NAME = ScorePad;
			};
			name = Debug;
		};
		D8BD5A732935257900B86AA6 /* Release */ = {
			isa = XCBuildConfiguration;
			buildSettings = {
				ALWAYS_EMBED_SWIFT_STANDARD_LIBRARIES = YES;
				CODE_SIGN_STYLE = Automatic;
				CURRENT_PROJECT_VERSION = 1;
				DEVELOPMENT_TEAM = DLUJT5TTQE;
				GENERATE_INFOPLIST_FILE = YES;
				IPHONEOS_DEPLOYMENT_TARGET = 17.0;
				MACOSX_DEPLOYMENT_TARGET = 13.0;
				MARKETING_VERSION = 1.0;
				PRODUCT_BUNDLE_IDENTIFIER = com.apple.ScorePadUITests;
				PRODUCT_NAME = "$(TARGET_NAME)";
				SDKROOT = auto;
				SUPPORTED_PLATFORMS = "iphoneos iphonesimulator macosx";
				SWIFT_EMIT_LOC_STRINGS = NO;
				SWIFT_VERSION = 5.0;
				TARGETED_DEVICE_FAMILY = "1,2";
				TEST_TARGET_NAME = ScorePad;
			};
			name = Release;
		};
/* End XCBuildConfiguration section */

/* Begin XCConfigurationList section */
		D8BD5A412935257700B86AA6 /* Build configuration list for PBXProject "ScorePad" */ = {
			isa = XCConfigurationList;
			buildConfigurations = (
				D8BD5A692935257900B86AA6 /* Debug */,
				D8BD5A6A2935257900B86AA6 /* Release */,
			);
			defaultConfigurationIsVisible = 0;
			defaultConfigurationName = Release;
		};
		D8BD5A6B2935257900B86AA6 /* Build configuration list for PBXNativeTarget "ScorePad" */ = {
			isa = XCConfigurationList;
			buildConfigurations = (
				D8BD5A6C2935257900B86AA6 /* Debug */,
				D8BD5A6D2935257900B86AA6 /* Release */,
			);
			defaultConfigurationIsVisible = 0;
			defaultConfigurationName = Release;
		};
		D8BD5A6E2935257900B86AA6 /* Build configuration list for PBXNativeTarget "ScorePadTests" */ = {
			isa = XCConfigurationList;
			buildConfigurations = (
				D8BD5A6F2935257900B86AA6 /* Debug */,
				D8BD5A702935257900B86AA6 /* Release */,
			);
			defaultConfigurationIsVisible = 0;
			defaultConfigurationName = Release;
		};
		D8BD5A712935257900B86AA6 /* Build configuration list for PBXNativeTarget "ScorePadUITests" */ = {
			isa = XCConfigurationList;
			buildConfigurations = (
				D8BD5A722935257900B86AA6 /* Debug */,
				D8BD5A732935257900B86AA6 /* Release */,
			);
			defaultConfigurationIsVisible = 0;
			defaultConfigurationName = Release;
		};
/* End XCConfigurationList section */
	};
	rootObject = D8BD5A3E2935257700B86AA6 /* Project object */;
}
