// !$*UTF8*$!
{
	archiveVersion = 1;
	classes = {
	};
	objectVersion = 56;
	objects = {

/* Begin PBXBuildFile section */
		D83E487B293D0A3200E37BCE /* Store.swift in Sources */ = {isa = PBXBuildFile; fileRef = D83E487A293D0A3200E37BCE /* Store.swift */; };
		D83E487D293D1D5900E37BCE /* NewRubber.swift in Sources */ = {isa = PBXBuildFile; fileRef = D83E487C293D1D5900E37BCE /* NewRubber.swift */; };
		D83E487F293D4B7600E37BCE /* Rule.swift in Sources */ = {isa = PBXBuildFile; fileRef = D83E487E293D4B7600E37BCE /* Rule.swift */; };
		D83E4881293D99B800E37BCE /* Utilities.swift in Sources */ = {isa = PBXBuildFile; fileRef = D83E4880293D99B800E37BCE /* Utilities.swift */; };
		D83E4884293E9D9400E37BCE /* DefaultsKey.swift in Sources */ = {isa = PBXBuildFile; fileRef = D83E4883293E9D9400E37BCE /* DefaultsKey.swift */; };
		D83E4886293EC1B700E37BCE /* RubberListCell.swift in Sources */ = {isa = PBXBuildFile; fileRef = D83E4885293EC1B700E37BCE /* RubberListCell.swift */; };
		D8A564A32936E25300671E8C /* Auction.swift in Sources */ = {isa = PBXBuildFile; fileRef = D8A564A22936E25300671E8C /* Auction.swift */; };
		D8A564A52936EB7700671E8C /* ContractTests.swift in Sources */ = {isa = PBXBuildFile; fileRef = D8A564A42936EB7700671E8C /* ContractTests.swift */; };
		D8A564A72936EB8500671E8C /* ScoreTests.swift in Sources */ = {isa = PBXBuildFile; fileRef = D8A564A62936EB8500671E8C /* ScoreTests.swift */; };
		D8A564AA2937B5A100671E8C /* ScoreView.swift in Sources */ = {isa = PBXBuildFile; fileRef = D8A564A92937B5A100671E8C /* ScoreView.swift */; };
		D8A564AD293910D800671E8C /* RubberHeader.swift in Sources */ = {isa = PBXBuildFile; fileRef = D8A564AC293910D800671E8C /* RubberHeader.swift */; };
		D8A564D729394D8F00671E8C /* AuctionView.swift in Sources */ = {isa = PBXBuildFile; fileRef = D8A564D629394D8F00671E8C /* AuctionView.swift */; };
		D8A564D929394E8100671E8C /* EnvironmentValues.swift in Sources */ = {isa = PBXBuildFile; fileRef = D8A564D829394E8100671E8C /* EnvironmentValues.swift */; };
		D8A564DC293A5A8100671E8C /* BiddingView.swift in Sources */ = {isa = PBXBuildFile; fileRef = D8A564DB293A5A8100671E8C /* BiddingView.swift */; };
		D8A564DE293A5AF700671E8C /* CallView.swift in Sources */ = {isa = PBXBuildFile; fileRef = D8A564DD293A5AF700671E8C /* CallView.swift */; };
		D8A564E0293A882800671E8C /* Result.swift in Sources */ = {isa = PBXBuildFile; fileRef = D8A564DF293A882800671E8C /* Result.swift */; };
		D8BD5A4A2935257700B86AA6 /* ScorePadApp.swift in Sources */ = {isa = PBXBuildFile; fileRef = D8BD5A492935257700B86AA6 /* ScorePadApp.swift */; };
		D8BD5A4C2935257700B86AA6 /* RubberList.swift in Sources */ = {isa = PBXBuildFile; fileRef = D8BD5A4B2935257700B86AA6 /* RubberList.swift */; };
		D8BD5A4E2935257900B86AA6 /* Assets.xcassets in Resources */ = {isa = PBXBuildFile; fileRef = D8BD5A4D2935257900B86AA6 /* Assets.xcassets */; };
		D8BD5A522935257900B86AA6 /* Preview Assets.xcassets in Resources */ = {isa = PBXBuildFile; fileRef = D8BD5A512935257900B86AA6 /* Preview Assets.xcassets */; };
		D8BD5A5C2935257900B86AA6 /* ScorePadTests.swift in Sources */ = {isa = PBXBuildFile; fileRef = D8BD5A5B2935257900B86AA6 /* ScorePadTests.swift */; };
		D8BD5A662935257900B86AA6 /* ScorePadUITests.swift in Sources */ = {isa = PBXBuildFile; fileRef = D8BD5A652935257900B86AA6 /* ScorePadUITests.swift */; };
		D8BD5A682935257900B86AA6 /* ScorePadUITestsLaunchTests.swift in Sources */ = {isa = PBXBuildFile; fileRef = D8BD5A672935257900B86AA6 /* ScorePadUITestsLaunchTests.swift */; };
		D8BD5A752935263000B86AA6 /* Rubber.swift in Sources */ = {isa = PBXBuildFile; fileRef = D8BD5A742935263000B86AA6 /* Rubber.swift */; };
		D8BD5A8429357C2300B86AA6 /* Contract.swift in Sources */ = {isa = PBXBuildFile; fileRef = D8BD5A8329357C2300B86AA6 /* Contract.swift */; };
		D8BD5A8629357C4800B86AA6 /* Call.swift in Sources */ = {isa = PBXBuildFile; fileRef = D8BD5A8529357C4800B86AA6 /* Call.swift */; };
		D8BD5A8829357C6800B86AA6 /* Score.swift in Sources */ = {isa = PBXBuildFile; fileRef = D8BD5A8729357C6800B86AA6 /* Score.swift */; };
		D8BD5A8A29357CA200B86AA6 /* Position.swift in Sources */ = {isa = PBXBuildFile; fileRef = D8BD5A8929357CA200B86AA6 /* Position.swift */; };
		D8BD5A8C29357D5200B86AA6 /* AuctionTests.swift in Sources */ = {isa = PBXBuildFile; fileRef = D8BD5A8B29357D5200B86AA6 /* AuctionTests.swift */; };
		D8BD5A9029358E6A00B86AA6 /* RubberView.swift in Sources */ = {isa = PBXBuildFile; fileRef = D8BD5A8F29358E6A00B86AA6 /* RubberView.swift */; };
/* End PBXBuildFile section */

/* Begin PBXContainerItemProxy section */
		D8BD5A582935257900B86AA6 /* PBXContainerItemProxy */ = {
			isa = PBXContainerItemProxy;
			containerPortal = D8BD5A3E2935257700B86AA6 /* Project object */;
			proxyType = 1;
			remoteGlobalIDString = D8BD5A452935257700B86AA6;
			remoteInfo = ScorePad;
		};
		D8BD5A622935257900B86AA6 /* PBXContainerItemProxy */ = {
			isa = PBXContainerItemProxy;
			containerPortal = D8BD5A3E2935257700B86AA6 /* Project object */;
			proxyType = 1;
			remoteGlobalIDString = D8BD5A452935257700B86AA6;
			remoteInfo = ScorePad;
		};
/* End PBXContainerItemProxy section */

/* Begin PBXFileReference section */
		D83E487A293D0A3200E37BCE /* Store.swift */ = {isa = PBXFileReference; lastKnownFileType = sourcecode.swift; path = Store.swift; sourceTree = "<group>"; };
		D83E487C293D1D5900E37BCE /* NewRubber.swift */ = {isa = PBXFileReference; lastKnownFileType = sourcecode.swift; path = NewRubber.swift; sourceTree = "<group>"; };
		D83E487E293D4B7600E37BCE /* Rule.swift */ = {isa = PBXFileReference; lastKnownFileType = sourcecode.swift; path = Rule.swift; sourceTree = "<group>"; };
		D83E4880293D99B800E37BCE /* Utilities.swift */ = {isa = PBXFileReference; lastKnownFileType = sourcecode.swift; path = Utilities.swift; sourceTree = "<group>"; };
		D83E4883293E9D9400E37BCE /* DefaultsKey.swift */ = {isa = PBXFileReference; lastKnownFileType = sourcecode.swift; path = DefaultsKey.swift; sourceTree = "<group>"; };
		D83E4885293EC1B700E37BCE /* RubberListCell.swift */ = {isa = PBXFileReference; lastKnownFileType = sourcecode.swift; path = RubberListCell.swift; sourceTree = "<group>"; };
		D8A564A22936E25300671E8C /* Auction.swift */ = {isa = PBXFileReference; lastKnownFileType = sourcecode.swift; path = Auction.swift; sourceTree = "<group>"; };
		D8A564A42936EB7700671E8C /* ContractTests.swift */ = {isa = PBXFileReference; lastKnownFileType = sourcecode.swift; path = ContractTests.swift; sourceTree = "<group>"; };
		D8A564A62936EB8500671E8C /* ScoreTests.swift */ = {isa = PBXFileReference; lastKnownFileType = sourcecode.swift; path = ScoreTests.swift; sourceTree = "<group>"; };
		D8A564A92937B5A100671E8C /* ScoreView.swift */ = {isa = PBXFileReference; lastKnownFileType = sourcecode.swift; path = ScoreView.swift; sourceTree = "<group>"; };
		D8A564AC293910D800671E8C /* RubberHeader.swift */ = {isa = PBXFileReference; lastKnownFileType = sourcecode.swift; path = RubberHeader.swift; sourceTree = "<group>"; };
		D8A564D629394D8F00671E8C /* AuctionView.swift */ = {isa = PBXFileReference; lastKnownFileType = sourcecode.swift; path = AuctionView.swift; sourceTree = "<group>"; };
		D8A564D829394E8100671E8C /* EnvironmentValues.swift */ = {isa = PBXFileReference; lastKnownFileType = sourcecode.swift; path = EnvironmentValues.swift; sourceTree = "<group>"; };
		D8A564DB293A5A8100671E8C /* BiddingView.swift */ = {isa = PBXFileReference; lastKnownFileType = sourcecode.swift; path = BiddingView.swift; sourceTree = "<group>"; };
		D8A564DD293A5AF700671E8C /* CallView.swift */ = {isa = PBXFileReference; lastKnownFileType = sourcecode.swift; path = CallView.swift; sourceTree = "<group>"; };
		D8A564DF293A882800671E8C /* Result.swift */ = {isa = PBXFileReference; lastKnownFileType = sourcecode.swift; path = Result.swift; sourceTree = "<group>"; };
		D8BD5A462935257700B86AA6 /* ScorePad.app */ = {isa = PBXFileReference; explicitFileType = wrapper.application; includeInIndex = 0; path = ScorePad.app; sourceTree = BUILT_PRODUCTS_DIR; };
		D8BD5A492935257700B86AA6 /* ScorePadApp.swift */ = {isa = PBXFileReference; lastKnownFileType = sourcecode.swift; path = ScorePadApp.swift; sourceTree = "<group>"; };
		D8BD5A4B2935257700B86AA6 /* RubberList.swift */ = {isa = PBXFileReference; lastKnownFileType = sourcecode.swift; path = RubberList.swift; sourceTree = "<group>"; };
		D8BD5A4D2935257900B86AA6 /* Assets.xcassets */ = {isa = PBXFileReference; lastKnownFileType = folder.assetcatalog; path = Assets.xcassets; sourceTree = "<group>"; };
		D8BD5A4F2935257900B86AA6 /* ScorePad.entitlements */ = {isa = PBXFileReference; lastKnownFileType = text.plist.entitlements; path = ScorePad.entitlements; sourceTree = "<group>"; };
		D8BD5A512935257900B86AA6 /* Preview Assets.xcassets */ = {isa = PBXFileReference; lastKnownFileType = folder.assetcatalog; path = "Preview Assets.xcassets"; sourceTree = "<group>"; };
		D8BD5A572935257900B86AA6 /* ScorePadTests.xctest */ = {isa = PBXFileReference; explicitFileType = wrapper.cfbundle; includeInIndex = 0; path = ScorePadTests.xctest; sourceTree = BUILT_PRODUCTS_DIR; };
		D8BD5A5B2935257900B86AA6 /* ScorePadTests.swift */ = {isa = PBXFileReference; lastKnownFileType = sourcecode.swift; path = ScorePadTests.swift; sourceTree = "<group>"; };
		D8BD5A612935257900B86AA6 /* ScorePadUITests.xctest */ = {isa = PBXFileReference; explicitFileType = wrapper.cfbundle; includeInIndex = 0; path = ScorePadUITests.xctest; sourceTree = BUILT_PRODUCTS_DIR; };
		D8BD5A652935257900B86AA6 /* ScorePadUITests.swift */ = {isa = PBXFileReference; lastKnownFileType = sourcecode.swift; path = ScorePadUITests.swift; sourceTree = "<group>"; };
		D8BD5A672935257900B86AA6 /* ScorePadUITestsLaunchTests.swift */ = {isa = PBXFileReference; lastKnownFileType = sourcecode.swift; path = ScorePadUITestsLaunchTests.swift; sourceTree = "<group>"; };
		D8BD5A742935263000B86AA6 /* Rubber.swift */ = {isa = PBXFileReference; lastKnownFileType = sourcecode.swift; path = Rubber.swift; sourceTree = "<group>"; };
		D8BD5A8329357C2300B86AA6 /* Contract.swift */ = {isa = PBXFileReference; lastKnownFileType = sourcecode.swift; path = Contract.swift; sourceTree = "<group>"; };
		D8BD5A8529357C4800B86AA6 /* Call.swift */ = {isa = PBXFileReference; lastKnownFileType = sourcecode.swift; path = Call.swift; sourceTree = "<group>"; };
		D8BD5A8729357C6800B86AA6 /* Score.swift */ = {isa = PBXFileReference; lastKnownFileType = sourcecode.swift; path = Score.swift; sourceTree = "<group>"; };
		D8BD5A8929357CA200B86AA6 /* Position.swift */ = {isa = PBXFileReference; lastKnownFileType = sourcecode.swift; path = Position.swift; sourceTree = "<group>"; };
		D8BD5A8B29357D5200B86AA6 /* AuctionTests.swift */ = {isa = PBXFileReference; lastKnownFileType = sourcecode.swift; path = AuctionTests.swift; sourceTree = "<group>"; };
		D8BD5A8F29358E6A00B86AA6 /* RubberView.swift */ = {isa = PBXFileReference; lastKnownFileType = sourcecode.swift; path = RubberView.swift; sourceTree = "<group>"; };
/* End PBXFileReference section */

/* Begin PBXFrameworksBuildPhase section */
		D8BD5A432935257700B86AA6 /* Frameworks */ = {
			isa = PBXFrameworksBuildPhase;
			buildActionMask = 2147483647;
			files = (
			);
			runOnlyForDeploymentPostprocessing = 0;
		};
		D8BD5A542935257900B86AA6 /* Frameworks */ = {
			isa = PBXFrameworksBuildPhase;
			buildActionMask = 2147483647;
			files = (
			);
			runOnlyForDeploymentPostprocessing = 0;
		};
		D8BD5A5E2935257900B86AA6 /* Frameworks */ = {
			isa = PBXFrameworksBuildPhase;
			buildActionMask = 2147483647;
			files = (
			);
			runOnlyForDeploymentPostprocessing = 0;
		};
/* End PBXFrameworksBuildPhase section */

/* Begin PBXGroup section */
		D8A564A82936EC0600671E8C /* Model */ = {
			isa = PBXGroup;
			children = (
				D8BD5A742935263000B86AA6 /* Rubber.swift */,
				D8A564A22936E25300671E8C /* Auction.swift */,
				D8BD5A8329357C2300B86AA6 /* Contract.swift */,
				D8BD5A8529357C4800B86AA6 /* Call.swift */,
				D8BD5A8729357C6800B86AA6 /* Score.swift */,
				D8BD5A8929357CA200B86AA6 /* Position.swift */,
				D83E487A293D0A3200E37BCE /* Store.swift */,
			);
			path = Model;
			sourceTree = "<group>";
		};
		D8BD5A3D2935257700B86AA6 = {
			isa = PBXGroup;
			children = (
				D8BD5A482935257700B86AA6 /* ScorePad */,
				D8BD5A5A2935257900B86AA6 /* ScorePadTests */,
				D8BD5A642935257900B86AA6 /* ScorePadUITests */,
				D8BD5A472935257700B86AA6 /* Products */,
			);
			sourceTree = "<group>";
		};
		D8BD5A472935257700B86AA6 /* Products */ = {
			isa = PBXGroup;
			children = (
				D8BD5A462935257700B86AA6 /* ScorePad.app */,
				D8BD5A572935257900B86AA6 /* ScorePadTests.xctest */,
				D8BD5A612935257900B86AA6 /* ScorePadUITests.xctest */,
			);
			name = Products;
			sourceTree = "<group>";
		};
		D8BD5A482935257700B86AA6 /* ScorePad */ = {
			isa = PBXGroup;
			children = (
				D83E4883293E9D9400E37BCE /* DefaultsKey.swift */,
				D8A564D829394E8100671E8C /* EnvironmentValues.swift */,
				D83E4880293D99B800E37BCE /* Utilities.swift */,
				D8BD5A492935257700B86AA6 /* ScorePadApp.swift */,
				D8BD5A4B2935257700B86AA6 /* RubberList.swift */,
				D83E4885293EC1B700E37BCE /* RubberListCell.swift */,
				D83E487C293D1D5900E37BCE /* NewRubber.swift */,
				D8BD5A8F29358E6A00B86AA6 /* RubberView.swift */,
				D8A564AC293910D800671E8C /* RubberHeader.swift */,
				D8A564A92937B5A100671E8C /* ScoreView.swift */,
				D8A564D629394D8F00671E8C /* AuctionView.swift */,
				D8A564DB293A5A8100671E8C /* BiddingView.swift */,
				D8A564DD293A5AF700671E8C /* CallView.swift */,
				D8A564DF293A882800671E8C /* Result.swift */,
				D83E487E293D4B7600E37BCE /* Rule.swift */,
				D8BD5A4D2935257900B86AA6 /* Assets.xcassets */,
				D8BD5A4F2935257900B86AA6 /* ScorePad.entitlements */,
				D8BD5A502935257900B86AA6 /* Preview Content */,
				D8A564A82936EC0600671E8C /* Model */,
			);
			path = ScorePad;
			sourceTree = "<group>";
		};
		D8BD5A502935257900B86AA6 /* Preview Content */ = {
			isa = PBXGroup;
			children = (
				D8BD5A512935257900B86AA6 /* Preview Assets.xcassets */,
			);
			path = "Preview Content";
			sourceTree = "<group>";
		};
		D8BD5A5A2935257900B86AA6 /* ScorePadTests */ = {
			isa = PBXGroup;
			children = (
				D8BD5A5B2935257900B86AA6 /* ScorePadTests.swift */,
				D8BD5A8B29357D5200B86AA6 /* AuctionTests.swift */,
				D8A564A42936EB7700671E8C /* ContractTests.swift */,
				D8A564A62936EB8500671E8C /* ScoreTests.swift */,
			);
			path = ScorePadTests;
			sourceTree = "<group>";
		};
		D8BD5A642935257900B86AA6 /* ScorePadUITests */ = {
			isa = PBXGroup;
			children = (
				D8BD5A652935257900B86AA6 /* ScorePadUITests.swift */,
				D8BD5A672935257900B86AA6 /* ScorePadUITestsLaunchTests.swift */,
			);
			path = ScorePadUITests;
			sourceTree = "<group>";
		};
/* End PBXGroup section */

/* Begin PBXNativeTarget section */
		D8BD5A452935257700B86AA6 /* ScorePad */ = {
			isa = PBXNativeTarget;
			buildConfigurationList = D8BD5A6B2935257900B86AA6 /* Build configuration list for PBXNativeTarget "ScorePad" */;
			buildPhases = (
				D8BD5A422935257700B86AA6 /* Sources */,
				D8BD5A432935257700B86AA6 /* Frameworks */,
				D8BD5A442935257700B86AA6 /* Resources */,
			);
			buildRules = (
			);
			dependencies = (
			);
			name = ScorePad;
			productName = ScorePad;
			productReference = D8BD5A462935257700B86AA6 /* ScorePad.app */;
			productType = "com.apple.product-type.application";
		};
		D8BD5A562935257900B86AA6 /* ScorePadTests */ = {
			isa = PBXNativeTarget;
			buildConfigurationList = D8BD5A6E2935257900B86AA6 /* Build configuration list for PBXNativeTarget "ScorePadTests" */;
			buildPhases = (
				D8BD5A532935257900B86AA6 /* Sources */,
				D8BD5A542935257900B86AA6 /* Frameworks */,
				D8BD5A552935257900B86AA6 /* Resources */,
			);
			buildRules = (
			);
			dependencies = (
				D8BD5A592935257900B86AA6 /* PBXTargetDependency */,
			);
			name = ScorePadTests;
			productName = ScorePadTests;
			productReference = D8BD5A572935257900B86AA6 /* ScorePadTests.xctest */;
			productType = "com.apple.product-type.bundle.unit-test";
		};
		D8BD5A602935257900B86AA6 /* ScorePadUITests */ = {
			isa = PBXNativeTarget;
			buildConfigurationList = D8BD5A712935257900B86AA6 /* Build configuration list for PBXNativeTarget "ScorePadUITests" */;
			buildPhases = (
				D8BD5A5D2935257900B86AA6 /* Sources */,
				D8BD5A5E2935257900B86AA6 /* Frameworks */,
				D8BD5A5F2935257900B86AA6 /* Resources */,
			);
			buildRules = (
			);
			dependencies = (
				D8BD5A632935257900B86AA6 /* PBXTargetDependency */,
			);
			name = ScorePadUITests;
			productName = ScorePadUITests;
			productReference = D8BD5A612935257900B86AA6 /* ScorePadUITests.xctest */;
			productType = "com.apple.product-type.bundle.ui-testing";
		};
/* End PBXNativeTarget section */

/* Begin PBXProject section */
		D8BD5A3E2935257700B86AA6 /* Project object */ = {
			isa = PBXProject;
			attributes = {
				BuildIndependentTargetsInParallel = 1;
				LastSwiftUpdateCheck = 1430;
				LastUpgradeCheck = 1430;
				TargetAttributes = {
					D8BD5A452935257700B86AA6 = {
						CreatedOnToolsVersion = 14.3;
					};
					D8BD5A562935257900B86AA6 = {
						CreatedOnToolsVersion = 14.3;
						TestTargetID = D8BD5A452935257700B86AA6;
					};
					D8BD5A602935257900B86AA6 = {
						CreatedOnToolsVersion = 14.3;
						TestTargetID = D8BD5A452935257700B86AA6;
					};
				};
			};
			buildConfigurationList = D8BD5A412935257700B86AA6 /* Build configuration list for PBXProject "ScorePad" */;
			compatibilityVersion = "Xcode 14.0";
			developmentRegion = en;
			hasScannedForEncodings = 0;
			knownRegions = (
				en,
				Base,
			);
			mainGroup = D8BD5A3D2935257700B86AA6;
			productRefGroup = D8BD5A472935257700B86AA6 /* Products */;
			projectDirPath = "";
			projectRoot = "";
			targets = (
				D8BD5A452935257700B86AA6 /* ScorePad */,
				D8BD5A562935257900B86AA6 /* ScorePadTests */,
				D8BD5A602935257900B86AA6 /* ScorePadUITests */,
			);
		};
/* End PBXProject section */

/* Begin PBXResourcesBuildPhase section */
		D8BD5A442935257700B86AA6 /* Resources */ = {
			isa = PBXResourcesBuildPhase;
			buildActionMask = 2147483647;
			files = (
				D8BD5A522935257900B86AA6 /* Preview Assets.xcassets in Resources */,
				D8BD5A4E2935257900B86AA6 /* Assets.xcassets in Resources */,
			);
			runOnlyForDeploymentPostprocessing = 0;
		};
		D8BD5A552935257900B86AA6 /* Resources */ = {
			isa = PBXResourcesBuildPhase;
			buildActionMask = 2147483647;
			files = (
			);
			runOnlyForDeploymentPostprocessing = 0;
		};
		D8BD5A5F2935257900B86AA6 /* Resources */ = {
			isa = PBXResourcesBuildPhase;
			buildActionMask = 2147483647;
			files = (
			);
			runOnlyForDeploymentPostprocessing = 0;
		};
/* End PBXResourcesBuildPhase section */

/* Begin PBXSourcesBuildPhase section */
		D8BD5A422935257700B86AA6 /* Sources */ = {
			isa = PBXSourcesBuildPhase;
			buildActionMask = 2147483647;
			files = (
				D8BD5A9029358E6A00B86AA6 /* RubberView.swift in Sources */,
				D8BD5A8A29357CA200B86AA6 /* Position.swift in Sources */,
				D8BD5A4C2935257700B86AA6 /* RubberList.swift in Sources */,
				D8A564DE293A5AF700671E8C /* CallView.swift in Sources */,
				D83E4884293E9D9400E37BCE /* DefaultsKey.swift in Sources */,
				D83E487D293D1D5900E37BCE /* NewRubber.swift in Sources */,
				D8BD5A4A2935257700B86AA6 /* ScorePadApp.swift in Sources */,
				D8A564DC293A5A8100671E8C /* BiddingView.swift in Sources */,
				D8A564E0293A882800671E8C /* Result.swift in Sources */,
				D83E487F293D4B7600E37BCE /* Rule.swift in Sources */,
				D8BD5A8629357C4800B86AA6 /* Call.swift in Sources */,
				D8A564AD293910D800671E8C /* RubberHeader.swift in Sources */,
				D8BD5A752935263000B86AA6 /* Rubber.swift in Sources */,
				D83E487B293D0A3200E37BCE /* Store.swift in Sources */,
				D8BD5A8829357C6800B86AA6 /* Score.swift in Sources */,
				D8A564D729394D8F00671E8C /* AuctionView.swift in Sources */,
				D8A564D929394E8100671E8C /* EnvironmentValues.swift in Sources */,
				D83E4886293EC1B700E37BCE /* RubberListCell.swift in Sources */,
				D8A564A32936E25300671E8C /* Auction.swift in Sources */,
				D8BD5A8429357C2300B86AA6 /* Contract.swift in Sources */,
				D83E4881293D99B800E37BCE /* Utilities.swift in Sources */,
				D8A564AA2937B5A100671E8C /* ScoreView.swift in Sources */,
			);
			runOnlyForDeploymentPostprocessing = 0;
		};
		D8BD5A532935257900B86AA6 /* Sources */ = {
			isa = PBXSourcesBuildPhase;
			buildActionMask = 2147483647;
			files = (
				D8BD5A8C29357D5200B86AA6 /* AuctionTests.swift in Sources */,
				D8BD5A5C2935257900B86AA6 /* ScorePadTests.swift in Sources */,
				D8A564A72936EB8500671E8C /* ScoreTests.swift in Sources */,
				D8A564A52936EB7700671E8C /* ContractTests.swift in Sources */,
			);
			runOnlyForDeploymentPostprocessing = 0;
		};
		D8BD5A5D2935257900B86AA6 /* Sources */ = {
			isa = PBXSourcesBuildPhase;
			buildActionMask = 2147483647;
			files = (
				D8BD5A682935257900B86AA6 /* ScorePadUITestsLaunchTests.swift in Sources */,
				D8BD5A662935257900B86AA6 /* ScorePadUITests.swift in Sources */,
			);
			runOnlyForDeploymentPostprocessing = 0;
		};
/* End PBXSourcesBuildPhase section */

/* Begin PBXTargetDependency section */
		D8BD5A592935257900B86AA6 /* PBXTargetDependency */ = {
			isa = PBXTargetDependency;
			target = D8BD5A452935257700B86AA6 /* ScorePad */;
			targetProxy = D8BD5A582935257900B86AA6 /* PBXContainerItemProxy */;
		};
		D8BD5A632935257900B86AA6 /* PBXTargetDependency */ = {
			isa = PBXTargetDependency;
			target = D8BD5A452935257700B86AA6 /* ScorePad */;
			targetProxy = D8BD5A622935257900B86AA6 /* PBXContainerItemProxy */;
		};
/* End PBXTargetDependency section */

/* Begin XCBuildConfiguration section */
		D8BD5A692935257900B86AA6 /* Debug */ = {
			isa = XCBuildConfiguration;
			buildSettings = {
				ALWAYS_SEARCH_USER_PATHS = NO;
				CLANG_ANALYZER_NONNULL = YES;
				CLANG_ANALYZER_NUMBER_OBJECT_CONVERSION = YES_AGGRESSIVE;
				CLANG_CXX_LANGUAGE_STANDARD = "gnu++20";
				CLANG_ENABLE_MODULES = YES;
				CLANG_ENABLE_OBJC_ARC = YES;
				CLANG_ENABLE_OBJC_WEAK = YES;
				CLANG_WARN_BLOCK_CAPTURE_AUTORELEASING = YES;
				CLANG_WARN_BOOL_CONVERSION = YES;
				CLANG_WARN_COMMA = YES;
				CLANG_WARN_CONSTANT_CONVERSION = YES;
				CLANG_WARN_DEPRECATED_OBJC_IMPLEMENTATIONS = YES;
				CLANG_WARN_DIRECT_OBJC_ISA_USAGE = YES_ERROR;
				CLANG_WARN_DOCUMENTATION_COMMENTS = YES;
				CLANG_WARN_EMPTY_BODY = YES;
				CLANG_WARN_ENUM_CONVERSION = YES;
				CLANG_WARN_INFINITE_RECURSION = YES;
				CLANG_WARN_INT_CONVERSION = YES;
				CLANG_WARN_NON_LITERAL_NULL_CONVERSION = YES;
				CLANG_WARN_OBJC_IMPLICIT_RETAIN_SELF = YES;
				CLANG_WARN_OBJC_LITERAL_CONVERSION = YES;
				CLANG_WARN_OBJC_ROOT_CLASS = YES_ERROR;
				CLANG_WARN_QUOTED_INCLUDE_IN_FRAMEWORK_HEADER = YES;
				CLANG_WARN_RANGE_LOOP_ANALYSIS = YES;
				CLANG_WARN_STRICT_PROTOTYPES = YES;
				CLANG_WARN_SUSPICIOUS_MOVE = YES;
				CLANG_WARN_UNGUARDED_AVAILABILITY = YES_AGGRESSIVE;
				CLANG_WARN_UNREACHABLE_CODE = YES;
				CLANG_WARN__DUPLICATE_METHOD_MATCH = YES;
				COPY_PHASE_STRIP = NO;
				DEBUG_INFORMATION_FORMAT = dwarf;
				ENABLE_STRICT_OBJC_MSGSEND = YES;
				ENABLE_TESTABILITY = YES;
				GCC_C_LANGUAGE_STANDARD = gnu11;
				GCC_DYNAMIC_NO_PIC = NO;
				GCC_NO_COMMON_BLOCKS = YES;
				GCC_OPTIMIZATION_LEVEL = 0;
				GCC_PREPROCESSOR_DEFINITIONS = (
					"DEBUG=1",
					"$(inherited)",
				);
				GCC_WARN_64_TO_32_BIT_CONVERSION = YES;
				GCC_WARN_ABOUT_RETURN_TYPE = YES_ERROR;
				GCC_WARN_UNDECLARED_SELECTOR = YES;
				GCC_WARN_UNINITIALIZED_AUTOS = YES_AGGRESSIVE;
				GCC_WARN_UNUSED_FUNCTION = YES;
				GCC_WARN_UNUSED_VARIABLE = YES;
				MTL_ENABLE_DEBUG_INFO = INCLUDE_SOURCE;
				MTL_FAST_MATH = YES;
				ONLY_ACTIVE_ARCH = YES;
				SWIFT_ACTIVE_COMPILATION_CONDITIONS = DEBUG;
				SWIFT_OPTIMIZATION_LEVEL = "-Onone";
			};
			name = Debug;
		};
		D8BD5A6A2935257900B86AA6 /* Release */ = {
			isa = XCBuildConfiguration;
			buildSettings = {
				ALWAYS_SEARCH_USER_PATHS = NO;
				CLANG_ANALYZER_NONNULL = YES;
				CLANG_ANALYZER_NUMBER_OBJECT_CONVERSION = YES_AGGRESSIVE;
				CLANG_CXX_LANGUAGE_STANDARD = "gnu++20";
				CLANG_ENABLE_MODULES = YES;
				CLANG_ENABLE_OBJC_ARC = YES;
				CLANG_ENABLE_OBJC_WEAK = YES;
				CLANG_WARN_BLOCK_CAPTURE_AUTORELEASING = YES;
				CLANG_WARN_BOOL_CONVERSION = YES;
				CLANG_WARN_COMMA = YES;
				CLANG_WARN_CONSTANT_CONVERSION = YES;
				CLANG_WARN_DEPRECATED_OBJC_IMPLEMENTATIONS = YES;
				CLANG_WARN_DIRECT_OBJC_ISA_USAGE = YES_ERROR;
				CLANG_WARN_DOCUMENTATION_COMMENTS = YES;
				CLANG_WARN_EMPTY_BODY = YES;
				CLANG_WARN_ENUM_CONVERSION = YES;
				CLANG_WARN_INFINITE_RECURSION = YES;
				CLANG_WARN_INT_CONVERSION = YES;
				CLANG_WARN_NON_LITERAL_NULL_CONVERSION = YES;
				CLANG_WARN_OBJC_IMPLICIT_RETAIN_SELF = YES;
				CLANG_WARN_OBJC_LITERAL_CONVERSION = YES;
				CLANG_WARN_OBJC_ROOT_CLASS = YES_ERROR;
				CLANG_WARN_QUOTED_INCLUDE_IN_FRAMEWORK_HEADER = YES;
				CLANG_WARN_RANGE_LOOP_ANALYSIS = YES;
				CLANG_WARN_STRICT_PROTOTYPES = YES;
				CLANG_WARN_SUSPICIOUS_MOVE = YES;
				CLANG_WARN_UNGUARDED_AVAILABILITY = YES_AGGRESSIVE;
				CLANG_WARN_UNREACHABLE_CODE = YES;
				CLANG_WARN__DUPLICATE_METHOD_MATCH = YES;
				COPY_PHASE_STRIP = NO;
				DEBUG_INFORMATION_FORMAT = "dwarf-with-dsym";
				ENABLE_NS_ASSERTIONS = NO;
				ENABLE_STRICT_OBJC_MSGSEND = YES;
				GCC_C_LANGUAGE_STANDARD = gnu11;
				GCC_NO_COMMON_BLOCKS = YES;
				GCC_WARN_64_TO_32_BIT_CONVERSION = YES;
				GCC_WARN_ABOUT_RETURN_TYPE = YES_ERROR;
				GCC_WARN_UNDECLARED_SELECTOR = YES;
				GCC_WARN_UNINITIALIZED_AUTOS = YES_AGGRESSIVE;
				GCC_WARN_UNUSED_FUNCTION = YES;
				GCC_WARN_UNUSED_VARIABLE = YES;
				MTL_ENABLE_DEBUG_INFO = NO;
				MTL_FAST_MATH = YES;
				SWIFT_COMPILATION_MODE = wholemodule;
				SWIFT_OPTIMIZATION_LEVEL = "-O";
			};
			name = Release;
		};
		D8BD5A6C2935257900B86AA6 /* Debug */ = {
			isa = XCBuildConfiguration;
			buildSettings = {
				ASSETCATALOG_COMPILER_APPICON_NAME = AppIcon;
				ASSETCATALOG_COMPILER_GLOBAL_ACCENT_COLOR_NAME = AccentColor;
				CODE_SIGN_ENTITLEMENTS = ScorePad/ScorePad.entitlements;
				CODE_SIGN_STYLE = Automatic;
				CURRENT_PROJECT_VERSION = 1;
				DEVELOPMENT_ASSET_PATHS = "\"ScorePad/Preview Content\"";
				DEVELOPMENT_TEAM = DLUJT5TTQE;
				ENABLE_HARDENED_RUNTIME = YES;
				ENABLE_PREVIEWS = YES;
				GENERATE_INFOPLIST_FILE = YES;
				"INFOPLIST_KEY_UIApplicationSceneManifest_Generation[sdk=iphoneos*]" = YES;
				"INFOPLIST_KEY_UIApplicationSceneManifest_Generation[sdk=iphonesimulator*]" = YES;
				"INFOPLIST_KEY_UIApplicationSupportsIndirectInputEvents[sdk=iphoneos*]" = YES;
				"INFOPLIST_KEY_UIApplicationSupportsIndirectInputEvents[sdk=iphonesimulator*]" = YES;
				"INFOPLIST_KEY_UILaunchScreen_Generation[sdk=iphoneos*]" = YES;
				"INFOPLIST_KEY_UILaunchScreen_Generation[sdk=iphonesimulator*]" = YES;
				"INFOPLIST_KEY_UIStatusBarStyle[sdk=iphoneos*]" = UIStatusBarStyleDefault;
				"INFOPLIST_KEY_UIStatusBarStyle[sdk=iphonesimulator*]" = UIStatusBarStyleDefault;
				INFOPLIST_KEY_UISupportedInterfaceOrientations = "UIInterfaceOrientationPortrait UIInterfaceOrientationPortraitUpsideDown";
				INFOPLIST_KEY_UISupportedInterfaceOrientations_iPad = "UIInterfaceOrientationLandscapeLeft UIInterfaceOrientationLandscapeRight UIInterfaceOrientationPortrait UIInterfaceOrientationPortraitUpsideDown";
				IPHONEOS_DEPLOYMENT_TARGET = 16.1;
				LD_RUNPATH_SEARCH_PATHS = "@executable_path/Frameworks";
				"LD_RUNPATH_SEARCH_PATHS[sdk=macosx*]" = "@executable_path/../Frameworks";
				MACOSX_DEPLOYMENT_TARGET = 13.1;
				MARKETING_VERSION = 1.0;
				PRODUCT_BUNDLE_IDENTIFIER = com.apple.ScorePad;
				PRODUCT_NAME = "$(TARGET_NAME)";
				SDKROOT = auto;
				SUPPORTED_PLATFORMS = "iphoneos iphonesimulator macosx";
				SWIFT_EMIT_LOC_STRINGS = YES;
				SWIFT_VERSION = 5.0;
				TARGETED_DEVICE_FAMILY = "1,2";
			};
			name = Debug;
		};
		D8BD5A6D2935257900B86AA6 /* Release */ = {
			isa = XCBuildConfiguration;
			buildSettings = {
				ASSETCATALOG_COMPILER_APPICON_NAME = AppIcon;
				ASSETCATALOG_COMPILER_GLOBAL_ACCENT_COLOR_NAME = AccentColor;
				CODE_SIGN_ENTITLEMENTS = ScorePad/ScorePad.entitlements;
				CODE_SIGN_STYLE = Automatic;
				CURRENT_PROJECT_VERSION = 1;
				DEVELOPMENT_ASSET_PATHS = "\"ScorePad/Preview Content\"";
				DEVELOPMENT_TEAM = DLUJT5TTQE;
				ENABLE_HARDENED_RUNTIME = YES;
				ENABLE_PREVIEWS = YES;
				GENERATE_INFOPLIST_FILE = YES;
				"INFOPLIST_KEY_UIApplicationSceneManifest_Generation[sdk=iphoneos*]" = YES;
				"INFOPLIST_KEY_UIApplicationSceneManifest_Generation[sdk=iphonesimulator*]" = YES;
				"INFOPLIST_KEY_UIApplicationSupportsIndirectInputEvents[sdk=iphoneos*]" = YES;
				"INFOPLIST_KEY_UIApplicationSupportsIndirectInputEvents[sdk=iphonesimulator*]" = YES;
				"INFOPLIST_KEY_UILaunchScreen_Generation[sdk=iphoneos*]" = YES;
				"INFOPLIST_KEY_UILaunchScreen_Generation[sdk=iphonesimulator*]" = YES;
				"INFOPLIST_KEY_UIStatusBarStyle[sdk=iphoneos*]" = UIStatusBarStyleDefault;
				"INFOPLIST_KEY_UIStatusBarStyle[sdk=iphonesimulator*]" = UIStatusBarStyleDefault;
				INFOPLIST_KEY_UISupportedInterfaceOrientations = "UIInterfaceOrientationPortrait UIInterfaceOrientationPortraitUpsideDown";
				INFOPLIST_KEY_UISupportedInterfaceOrientations_iPad = "UIInterfaceOrientationLandscapeLeft UIInterfaceOrientationLandscapeRight UIInterfaceOrientationPortrait UIInterfaceOrientationPortraitUpsideDown";
				IPHONEOS_DEPLOYMENT_TARGET = 16.1;
				LD_RUNPATH_SEARCH_PATHS = "@executable_path/Frameworks";
				"LD_RUNPATH_SEARCH_PATHS[sdk=macosx*]" = "@executable_path/../Frameworks";
				MACOSX_DEPLOYMENT_TARGET = 13.1;
				MARKETING_VERSION = 1.0;
				PRODUCT_BUNDLE_IDENTIFIER = com.apple.ScorePad;
				PRODUCT_NAME = "$(TARGET_NAME)";
				SDKROOT = auto;
				SUPPORTED_PLATFORMS = "iphoneos iphonesimulator macosx";
				SWIFT_EMIT_LOC_STRINGS = YES;
				SWIFT_VERSION = 5.0;
				TARGETED_DEVICE_FAMILY = "1,2";
			};
			name = Release;
		};
		D8BD5A6F2935257900B86AA6 /* Debug */ = {
			isa = XCBuildConfiguration;
			buildSettings = {
				ALWAYS_EMBED_SWIFT_STANDARD_LIBRARIES = YES;
				BUNDLE_LOADER = "$(TEST_HOST)";
				CODE_SIGN_STYLE = Automatic;
				CURRENT_PROJECT_VERSION = 1;
				DEVELOPMENT_TEAM = DLUJT5TTQE;
				GENERATE_INFOPLIST_FILE = YES;
				IPHONEOS_DEPLOYMENT_TARGET = 17.0;
				MACOSX_DEPLOYMENT_TARGET = 13.0;
				MARKETING_VERSION = 1.0;
				PRODUCT_BUNDLE_IDENTIFIER = com.apple.ScorePadTests;
				PRODUCT_NAME = "$(TARGET_NAME)";
				SDKROOT = auto;
				SUPPORTED_PLATFORMS = "iphoneos iphonesimulator macosx";
				SWIFT_EMIT_LOC_STRINGS = NO;
				SWIFT_VERSION = 5.0;
				TARGETED_DEVICE_FAMILY = "1,2";
				TEST_HOST = "$(BUILT_PRODUCTS_DIR)/ScorePad.app/$(BUNDLE_EXECUTABLE_FOLDER_PATH)/ScorePad";
			};
			name = Debug;
		};
		D8BD5A702935257900B86AA6 /* Release */ = {
			isa = XCBuildConfiguration;
			buildSettings = {
				ALWAYS_EMBED_SWIFT_STANDARD_LIBRARIES = YES;
				BUNDLE_LOADER = "$(TEST_HOST)";
				CODE_SIGN_STYLE = Automatic;
				CURRENT_PROJECT_VERSION = 1;
				DEVELOPMENT_TEAM = DLUJT5TTQE;
				GENERATE_INFOPLIST_FILE = YES;
				IPHONEOS_DEPLOYMENT_TARGET = 17.0;
				MACOSX_DEPLOYMENT_TARGET = 13.0;
				MARKETING_VERSION = 1.0;
				PRODUCT_BUNDLE_IDENTIFIER = com.apple.ScorePadTests;
				PRODUCT_NAME = "$(TARGET_NAME)";
				SDKROOT = auto;
				SUPPORTED_PLATFORMS = "iphoneos iphonesimulator macosx";
				SWIFT_EMIT_LOC_STRINGS = NO;
				SWIFT_VERSION = 5.0;
				TARGETED_DEVICE_FAMILY = "1,2";
				TEST_HOST = "$(BUILT_PRODUCTS_DIR)/ScorePad.app/$(BUNDLE_EXECUTABLE_FOLDER_PATH)/ScorePad";
			};
			name = Release;
		};
		D8BD5A722935257900B86AA6 /* Debug */ = {
			isa = XCBuildConfiguration;
			buildSettings = {
				ALWAYS_EMBED_SWIFT_STANDARD_LIBRARIES = YES;
				CODE_SIGN_STYLE = Automatic;
				CURRENT_PROJECT_VERSION = 1;
				DEVELOPMENT_TEAM = DLUJT5TTQE;
				GENERATE_INFOPLIST_FILE = YES;
				IPHONEOS_DEPLOYMENT_TARGET = 17.0;
				MACOSX_DEPLOYMENT_TARGET = 13.0;
				MARKETING_VERSION = 1.0;
				PRODUCT_BUNDLE_IDENTIFIER = com.apple.ScorePadUITests;
				PRODUCT_NAME = "$(TARGET_NAME)";
				SDKROOT = auto;
				SUPPORTED_PLATFORMS = "iphoneos iphonesimulator macosx";
				SWIFT_EMIT_LOC_STRINGS = NO;
				SWIFT_VERSION = 5.0;
				TARGETED_DEVICE_FAMILY = "1,2";
				TEST_TARGET_NAME = ScorePad;
			};
			name = Debug;
		};
		D8BD5A732935257900B86AA6 /* Release */ = {
			isa = XCBuildConfiguration;
			buildSettings = {
				ALWAYS_EMBED_SWIFT_STANDARD_LIBRARIES = YES;
				CODE_SIGN_STYLE = Automatic;
				CURRENT_PROJECT_VERSION = 1;
				DEVELOPMENT_TEAM = DLUJT5TTQE;
				GENERATE_INFOPLIST_FILE = YES;
				IPHONEOS_DEPLOYMENT_TARGET = 17.0;
				MACOSX_DEPLOYMENT_TARGET = 13.0;
				MARKETING_VERSION = 1.0;
				PRODUCT_BUNDLE_IDENTIFIER = com.apple.ScorePadUITests;
				PRODUCT_NAME = "$(TARGET_NAME)";
				SDKROOT = auto;
				SUPPORTED_PLATFORMS = "iphoneos iphonesimulator macosx";
				SWIFT_EMIT_LOC_STRINGS = NO;
				SWIFT_VERSION = 5.0;
				TARGETED_DEVICE_FAMILY = "1,2";
				TEST_TARGET_NAME = ScorePad;
			};
			name = Release;
		};
/* End XCBuildConfiguration section */

/* Begin XCConfigurationList section */
		D8BD5A412935257700B86AA6 /* Build configuration list for PBXProject "ScorePad" */ = {
			isa = XCConfigurationList;
			buildConfigurations = (
				D8BD5A692935257900B86AA6 /* Debug */,
				D8BD5A6A2935257900B86AA6 /* Release */,
			);
			defaultConfigurationIsVisible = 0;
			defaultConfigurationName = Release;
		};
		D8BD5A6B2935257900B86AA6 /* Build configuration list for PBXNativeTarget "ScorePad" */ = {
			isa = XCConfigurationList;
			buildConfigurations = (
				D8BD5A6C2935257900B86AA6 /* Debug */,
				D8BD5A6D2935257900B86AA6 /* Release */,
			);
			defaultConfigurationIsVisible = 0;
			defaultConfigurationName = Release;
		};
		D8BD5A6E2935257900B86AA6 /* Build configuration list for PBXNativeTarget "ScorePadTests" */ = {
			isa = XCConfigurationList;
			buildConfigurations = (
				D8BD5A6F2935257900B86AA6 /* Debug */,
				D8BD5A702935257900B86AA6 /* Release */,
			);
			defaultConfigurationIsVisible = 0;
			defaultConfigurationName = Release;
		};
		D8BD5A712935257900B86AA6 /* Build configuration list for PBXNativeTarget "ScorePadUITests" */ = {
			isa = XCConfigurationList;
			buildConfigurations = (
				D8BD5A722935257900B86AA6 /* Debug */,
				D8BD5A732935257900B86AA6 /* Release */,
			);
			defaultConfigurationIsVisible = 0;
			defaultConfigurationName = Release;
		};
/* End XCConfigurationList section */
	};
	rootObject = D8BD5A3E2935257700B86AA6 /* Project object */;
}
